{
  "version": 4,
  "terraform_version": "1.7.5",
  "serial": 9,
  "lineage": "db2f880d-101f-c07d-944d-83172ca9fef2",
  "outputs": {},
  "resources": [
    {
      "mode": "managed",
      "type": "aws_vpc",
      "name": "import-vpc",
      "provider": "provider[\"registry.terraform.io/hashicorp/aws\"]",
      "instances": [
        {
          "schema_version": 1,
          "attributes": {
            "arn": "arn:aws:ec2:us-east-1:052105934051:vpc/vpc-0247493ace51e8409",
            "assign_generated_ipv6_cidr_block": false,
            "cidr_block": "18.0.0.0/16",
            "default_network_acl_id": "acl-05a5207ef89e263b0",
            "default_route_table_id": "rtb-01ed51089cf2f5f62",
            "default_security_group_id": "sg-0d2634322326abb03",
            "dhcp_options_id": "dopt-03b360170209ef56f",
            "enable_dns_hostnames": false,
            "enable_dns_support": true,
            "enable_network_address_usage_metrics": false,
            "id": "vpc-0247493ace51e8409",
            "instance_tenancy": "default",
            "ipv4_ipam_pool_id": null,
            "ipv4_netmask_length": null,
            "ipv6_association_id": "",
            "ipv6_cidr_block": "",
            "ipv6_cidr_block_network_border_group": "",
            "ipv6_ipam_pool_id": "",
            "ipv6_netmask_length": 0,
            "main_route_table_id": "rtb-01ed51089cf2f5f62",
            "owner_id": "052105934051",
            "tags": {
              "Name": "import-vpc"
            },
            "tags_all": {
              "Name": "import-vpc"
            }
          },
          "sensitive_attributes": [],
          "private": "eyJzY2hlbWFfdmVyc2lvbiI6IjEifQ=="
        }
      ]
    },
    {
      "mode": "managed",
      "type": "aws_vpc",
      "name": "imports-vpc",
      "provider": "provider[\"registry.terraform.io/hashicorp/aws\"]",
      "instances": [
        {
          "schema_version": 1,
          "attributes": {
            "arn": "arn:aws:ec2:us-east-1:052105934051:vpc/vpc-0353668e0d61fef4e",
            "assign_generated_ipv6_cidr_block": false,
            "cidr_block": "19.0.0.0/16",
            "default_network_acl_id": "acl-01e38fb45f83cf6f6",
            "default_route_table_id": "rtb-077f6a6da649e9361",
            "default_security_group_id": "sg-0d15bd7ba7cecd045",
            "dhcp_options_id": "dopt-03b360170209ef56f",
            "enable_dns_hostnames": false,
            "enable_dns_support": true,
            "enable_network_address_usage_metrics": false,
            "id": "vpc-0353668e0d61fef4e",
            "instance_tenancy": "default",
            "ipv4_ipam_pool_id": null,
            "ipv4_netmask_length": null,
            "ipv6_association_id": "",
            "ipv6_cidr_block": "",
            "ipv6_cidr_block_network_border_group": "",
            "ipv6_ipam_pool_id": "",
            "ipv6_netmask_length": 0,
            "main_route_table_id": "rtb-077f6a6da649e9361",
            "owner_id": "052105934051",
            "tags": {
              "Name": "imports-vpc"
            },
            "tags_all": {
              "Name": "imports-vpc"
            }
          },
          "sensitive_attributes": [],
          "private": "eyJzY2hlbWFfdmVyc2lvbiI6IjEifQ=="
        }
      ]
    }
  ],
  "check_results": null
}
